{
  "name": "holocene",
  "requires": true,
  "lockfileVersion": 1,
  "dependencies": {
    "timelinejs-slider": {
      "version": "0.1.0",
      "resolved": "https://registry.npmjs.org/timelinejs-slider/-/timelinejs-slider-0.1.0.tgz",
      "integrity": "sha1-pkJHUlpdy+Yo4GF/hpWzpP9aZ9o="
    }
  }
}
