# THIS IS AN AUTOGENERATED FILE. DO NOT EDIT THIS FILE DIRECTLY.
# yarn lockfile v1


timelinejs-slider@^0.1.0:
  version "0.1.0"
  resolved "https://registry.yarnpkg.com/timelinejs-slider/-/timelinejs-slider-0.1.0.tgz#a64247525a5dcbe628e0617f8695b3a4ff5a67da"
  integrity sha1-pkJHUlpdy+Yo4GF/hpWzpP9aZ9o=
